
Microsoft Visual Studio Solution File, Format Version 12.00
Project("{FAE04EC0-301F-11D3-BF4B-00C04F79EFBC}") = "test-baseline", "test-baseline\test-baseline.csproj", "{1860D536-EE79-4DDE-8A08-AA07FE35C8A0}"
EndProject
Global
	GlobalSection(SolutionConfigurationPlatforms) = preSolution
		Debug|Any CPU = Debug|Any CPU
		Release|Any CPU = Release|Any CPU
	EndGlobalSection
	GlobalSection(ProjectConfigurationPlatforms) = postSolution
		{1860D536-EE79-4DDE-8A08-AA07FE35C8A0}.Debug|Any CPU.ActiveCfg = Debug|Any CPU
		{1860D536-EE79-4DDE-8A08-AA07FE35C8A0}.Debug|Any CPU.Build.0 = Debug|Any CPU
		{1860D536-EE79-4DDE-8A08-AA07FE35C8A0}.Release|Any CPU.ActiveCfg = Release|Any CPU
		{1860D536-EE79-4DDE-8A08-AA07FE35C8A0}.Release|Any CPU.Build.0 = Release|Any CPU
	EndGlobalSection
EndGlobal
